# THIS IS AN AUTOGENERATED FILE. DO NOT EDIT THIS FILE DIRECTLY.
# yarn lockfile v1


"@samverschueren/stream-to-observable@^0.3.0":
  version "0.3.0"
  resolved "https://registry.npm.taobao.org/@samverschueren/stream-to-observable/download/@samverschueren/stream-to-observable-0.3.0.tgz#ecdf48d532c58ea477acfcab80348424f8d0662f"
  integrity sha1-7N9I1TLFjqR3rPyrgDSEJPjQZi8=
  dependencies:
    any-observable "^0.3.0"

"@types/fs-extra@^5.0.5":
  version "5.0.5"
  resolved "https://registry.npm.taobao.org/@types/fs-extra/download/@types/fs-extra-5.0.5.tgz#080d90a792f3fa2c5559eb44bd8ef840aae9104b"
  integrity sha1-CA2Qp5Lz+ixVWetEvY74QKrpEEs=
  dependencies:
    "@types/node" "*"

"@types/handlebars@^4.1.0":
  version "4.1.0"
  resolved "https://registry.npm.taobao.org/@types/handlebars/download/@types/handlebars-4.1.0.tgz#3fcce9bf88f85fe73dc932240ab3fb682c624850"
  integrity sha1-P8zpv4j4X+c9yTIkCrP7aCxiSFA=
  dependencies:
    handlebars "*"

"@types/listr@^0.13.0":
  version "0.13.0"
  resolved "https://registry.npm.taobao.org/@types/listr/download/@types/listr-0.13.0.tgz#6250bc4a04123cafa24fc73d1b880653a6ae6721"
  integrity sha1-YlC8SgQSPK+iT8c9G4gGU6auZyE=
  dependencies:
    "@types/node" "*"

"@types/node@*":
  version "11.13.8"
  resolved "https://registry.npm.taobao.org/@types/node/download/@types/node-11.13.8.tgz#e5d71173c95533be9842b2c798978f095f912aab"
  integrity sha1-5dcRc8lVM76YQrLHmJePCV+RKqs=

"@types/semver@^6.0.0":
  version "6.0.0"
  resolved "https://registry.npm.taobao.org/@types/semver/download/@types/semver-6.0.0.tgz#86ba89f02a414e39c68d02b351872e4ed31bd773"
  integrity sha1-hrqJ8CpBTjnGjQKzUYcuTtMb13M=

address@^1.0.1:
  version "1.1.0"
  resolved "https://registry.npm.taobao.org/address/download/address-1.1.0.tgz#ef8e047847fcd2c5b6f50c16965f924fd99fe709"
  integrity sha1-744EeEf80sW29QwWll+ST9mf5wk=

ansi-escapes@^3.0.0:
  version "3.2.0"
  resolved "https://registry.npm.taobao.org/ansi-escapes/download/ansi-escapes-3.2.0.tgz#8780b98ff9dbf5638152d1f1fe5c1d7b4442976b"
  integrity sha1-h4C5j/nb9WOBUtHx/lwde0RCl2s=

ansi-regex@^2.0.0:
  version "2.1.1"
  resolved "https://registry.npm.taobao.org/ansi-regex/download/ansi-regex-2.1.1.tgz#c3b33ab5ee360d86e0e628f0468ae7ef27d654df"
  integrity sha1-w7M6te42DYbg5ijwRorn7yfWVN8=

ansi-regex@^3.0.0:
  version "3.0.0"
  resolved "https://registry.npm.taobao.org/ansi-regex/download/ansi-regex-3.0.0.tgz#ed0317c322064f79466c02966bddb605ab37d998"
  integrity sha1-7QMXwyIGT3lGbAKWa922Bas32Zg=

ansi-styles@^2.2.1:
  version "2.2.1"
  resolved "https://registry.npm.taobao.org/ansi-styles/download/ansi-styles-2.2.1.tgz#b432dd3358b634cf75e1e4664368240533c1ddbe"
  integrity sha1-tDLdM1i2NM914eRmQ2gkBTPB3b4=

ansi-styles@^3.2.1:
  version "3.2.1"
  resolved "https://registry.npm.taobao.org/ansi-styles/download/ansi-styles-3.2.1.tgz#41fbb20243e50b12be0f04b8dedbf07520ce841d"
  integrity sha1-QfuyAkPlCxK+DwS43tvwdSDOhB0=
  dependencies:
    color-convert "^1.9.0"

any-observable@^0.3.0:
  version "0.3.0"
  resolved "https://registry.npm.taobao.org/any-observable/download/any-observable-0.3.0.tgz#af933475e5806a67d0d7df090dd5e8bef65d119b"
  integrity sha1-r5M0deWAamfQ198JDdXovvZdEZs=

arg@^4.1.0:
  version "4.1.0"
  resolved "https://registry.npm.taobao.org/arg/download/arg-4.1.0.tgz#583c518199419e0037abb74062c37f8519e575f0"
  integrity sha1-WDxRgZlBngA3q7dAYsN/hRnldfA=

balanced-match@^1.0.0:
  version "1.0.0"
  resolved "https://registry.npm.taobao.org/balanced-match/download/balanced-match-1.0.0.tgz#89b4d199ab2bee49de164ea02b89ce462d71b767"
  integrity sha1-ibTRmasr7kneFk6gK4nORi1xt2c=

brace-expansion@^1.1.7:
  version "1.1.11"
  resolved "https://registry.npm.taobao.org/brace-expansion/download/brace-expansion-1.1.11.tgz#3c7fcbf529d87226f3d2f52b966ff5271eb441dd"
  integrity sha1-PH/L9SnYcibz0vUrlm/1Jx60Qd0=
  dependencies:
    balanced-match "^1.0.0"
    concat-map "0.0.1"

buffer-from@^1.0.0:
  version "1.1.1"
  resolved "https://registry.npm.taobao.org/buffer-from/download/buffer-from-1.1.1.tgz#32713bc028f75c02fdb710d7c7bcec1f2c6070ef"
  integrity sha1-MnE7wCj3XAL9txDXx7zsHyxgcO8=

chalk@^1.0.0, chalk@^1.1.3:
  version "1.1.3"
  resolved "https://registry.npm.taobao.org/chalk/download/chalk-1.1.3.tgz#a8115c55e4a702fe4d150abd3872822a7e09fc98"
  integrity sha1-qBFcVeSnAv5NFQq9OHKCKn4J/Jg=
  dependencies:
    ansi-styles "^2.2.1"
    escape-string-regexp "^1.0.2"
    has-ansi "^2.0.0"
    strip-ansi "^3.0.0"
    supports-color "^2.0.0"

chalk@^2.4.1, chalk@^2.4.2:
  version "2.4.2"
  resolved "https://registry.npm.taobao.org/chalk/download/chalk-2.4.2.tgz#cd42541677a54333cf541a49108c1432b44c9424"
  integrity sha1-zUJUFnelQzPPVBpJEIwUMrRMlCQ=
  dependencies:
    ansi-styles "^3.2.1"
    escape-string-regexp "^1.0.5"
    supports-color "^5.3.0"

cli-cursor@^2.0.0, cli-cursor@^2.1.0:
  version "2.1.0"
  resolved "https://registry.npm.taobao.org/cli-cursor/download/cli-cursor-2.1.0.tgz#b35dac376479facc3e94747d41d0d0f5238ffcb5"
  integrity sha1-s12sN2R5+sw+lHR9QdDQ9SOP/LU=
  dependencies:
    restore-cursor "^2.0.0"

cli-truncate@^0.2.1:
  version "0.2.1"
  resolved "https://registry.npm.taobao.org/cli-truncate/download/cli-truncate-0.2.1.tgz#9f15cfbb0705005369216c626ac7d05ab90dd574"
  integrity sha1-nxXPuwcFAFNpIWxiasfQWrkN1XQ=
  dependencies:
    slice-ansi "0.0.4"
    string-width "^1.0.1"

code-point-at@^1.0.0:
  version "1.1.0"
  resolved "https://registry.npm.taobao.org/code-point-at/download/code-point-at-1.1.0.tgz#0d070b4d043a5bea33a2f1a40e2edb3d9a4ccf77"
  integrity sha1-DQcLTQQ6W+ozovGkDi7bPZpMz3c=

color-convert@^1.9.0:
  version "1.9.3"
  resolved "https://registry.npm.taobao.org/color-convert/download/color-convert-1.9.3.tgz#bb71850690e1f136567de629d2d5471deda4c1e8"
  integrity sha1-u3GFBpDh8TZWfeYp0tVHHe2kweg=
  dependencies:
    color-name "1.1.3"

color-name@1.1.3:
  version "1.1.3"
  resolved "https://registry.npm.taobao.org/color-name/download/color-name-1.1.3.tgz#a7d0558bd89c42f795dd42328f740831ca53bc25"
  integrity sha1-p9BVi9icQveV3UIyj3QIMcpTvCU=

commander@^2.20.0, commander@~2.20.0:
  version "2.20.0"
  resolved "https://registry.npm.taobao.org/commander/download/commander-2.20.0.tgz#d58bb2b5c1ee8f87b0d340027e9e94e222c5a422"
  integrity sha1-1YuytcHuj4ew00ACfp6U4iLFpCI=

commander@~2.20.3:
  version "2.20.3"
  resolved "https://registry.yarnpkg.com/commander/-/commander-2.20.3.tgz#fd485e84c03eb4881c20722ba48035e8531aeb33"
  integrity sha512-GpVkmM8vF2vQUkj2LvZmD35JxeJOLCwJ9cUkugyk2nuhbv3+mJvpLYYt+0+USMxE+oj+ey/lJEnhZw75x/OMcQ==

concat-map@0.0.1:
  version "0.0.1"
  resolved "https://registry.npm.taobao.org/concat-map/download/concat-map-0.0.1.tgz#d8a96bd77fd68df7793a73036a3ba0d5405d477b"
  integrity sha1-2Klr13/Wjfd5OnMDajug1UBdR3s=

cross-spawn@^6.0.5:
  version "6.0.5"
  resolved "https://registry.npm.taobao.org/cross-spawn/download/cross-spawn-6.0.5.tgz#4a5ec7c64dfae22c3a14124dbacdee846d80cbc4"
  integrity sha1-Sl7Hxk364iw6FBJNus3uhG2Ay8Q=
  dependencies:
    nice-try "^1.0.4"
    path-key "^2.0.1"
    semver "^5.5.0"
    shebang-command "^1.2.0"
    which "^1.2.9"

date-fns@^1.27.2:
  version "1.30.1"
  resolved "https://registry.npm.taobao.org/date-fns/download/date-fns-1.30.1.tgz?cache=0&other_urls=https%3A%2F%2Fregistry.npm.taobao.org%2Fdate-fns%2Fdownload%2Fdate-fns-1.30.1.tgz#2e71bf0b119153dbb4cc4e88d9ea5acfb50dc05c"
  integrity sha1-LnG/CxGRU9u0zE6I2epaz7UNwFw=

debug@^2.6.0:
  version "2.6.9"
  resolved "https://registry.npm.taobao.org/debug/download/debug-2.6.9.tgz#5d128515df134ff327e90a4c93f4e077a536341f"
  integrity sha1-XRKFFd8TT/Mn6QpMk/Tgd6U2NB8=
  dependencies:
    ms "2.0.0"

detect-port@^1.3.0:
  version "1.3.0"
  resolved "https://registry.npm.taobao.org/detect-port/download/detect-port-1.3.0.tgz#d9c40e9accadd4df5cac6a782aefd014d573d1f1"
  integrity sha1-2cQOmsyt1N9crGp4Ku/QFNVz0fE=
  dependencies:
    address "^1.0.1"
    debug "^2.6.0"

diff@^3.1.0:
  version "3.5.0"
  resolved "https://registry.npm.taobao.org/diff/download/diff-3.5.0.tgz#800c0dd1e0a8bfbc95835c202ad220fe317e5a12"
  integrity sha1-gAwN0eCov7yVg1wgKtIg/jF+WhI=

elegant-spinner@^1.0.1:
  version "1.0.1"
  resolved "https://registry.npm.taobao.org/elegant-spinner/download/elegant-spinner-1.0.1.tgz#db043521c95d7e303fd8f345bedc3349cfb0729e"
  integrity sha1-2wQ1IcldfjA/2PNFvtwzSc+wcp4=

escape-string-regexp@^1.0.2, escape-string-regexp@^1.0.5:
  version "1.0.5"
  resolved "https://registry.npm.taobao.org/escape-string-regexp/download/escape-string-regexp-1.0.5.tgz#1b61c0562190a8dff6ae3bb2cf0200ca130b86d4"
  integrity sha1-G2HAViGQqN/2rjuyzwIAyhMLhtQ=

figures@^1.7.0:
  version "1.7.0"
  resolved "https://registry.npm.taobao.org/figures/download/figures-1.7.0.tgz#cbe1e3affcf1cd44b80cadfed28dc793a9701d2e"
  integrity sha1-y+Hjr/zxzUS4DK3+0o3Hk6lwHS4=
  dependencies:
    escape-string-regexp "^1.0.5"
    object-assign "^4.1.0"

figures@^2.0.0:
  version "2.0.0"
  resolved "https://registry.npm.taobao.org/figures/download/figures-2.0.0.tgz#3ab1a2d2a62c8bfb431a0c94cb797a2fce27c962"
  integrity sha1-OrGi0qYsi/tDGgyUy3l6L84nyWI=
  dependencies:
    escape-string-regexp "^1.0.5"

fs-extra@^7.0.1:
  version "7.0.1"
  resolved "https://registry.npm.taobao.org/fs-extra/download/fs-extra-7.0.1.tgz#4f189c44aa123b895f722804f55ea23eadc348e9"
  integrity sha1-TxicRKoSO4lfcigE9V6iPq3DSOk=
  dependencies:
    graceful-fs "^4.1.2"
    jsonfile "^4.0.0"
    universalify "^0.1.0"

fs.realpath@^1.0.0:
  version "1.0.0"
  resolved "https://registry.npm.taobao.org/fs.realpath/download/fs.realpath-1.0.0.tgz#1504ad2523158caa40db4a2787cb01411994ea4f"
  integrity sha1-FQStJSMVjKpA20onh8sBQRmU6k8=

glob@^7.1.3:
  version "7.1.3"
  resolved "https://registry.npm.taobao.org/glob/download/glob-7.1.3.tgz#3960832d3f1574108342dafd3a67b332c0969df1"
  integrity sha1-OWCDLT8VdBCDQtr9OmezMsCWnfE=
  dependencies:
    fs.realpath "^1.0.0"
    inflight "^1.0.4"
    inherits "2"
    minimatch "^3.0.4"
    once "^1.3.0"
    path-is-absolute "^1.0.0"

graceful-fs@^4.1.2, graceful-fs@^4.1.6:
  version "4.1.15"
  resolved "https://registry.npm.taobao.org/graceful-fs/download/graceful-fs-4.1.15.tgz#ffb703e1066e8a0eeaa4c8b80ba9253eeefbfb00"
  integrity sha1-/7cD4QZuig7qpMi4C6klPu77+wA=

handlebars@*, handlebars@4.5.3:
  version "4.5.3"
  resolved "https://registry.yarnpkg.com/handlebars/-/handlebars-4.5.3.tgz#5cf75bd8714f7605713511a56be7c349becb0482"
  integrity sha512-3yPecJoJHK/4c6aZhSvxOyG4vJKDshV36VHp0iVCDVh7o9w2vwi3NSnL2MMPj3YdduqaBcu7cGbggJQM0br9xA==
  dependencies:
    neo-async "^2.6.0"
    optimist "^0.6.1"
    source-map "^0.6.1"
  optionalDependencies:
    uglify-js "^3.1.4"

has-ansi@^2.0.0:
  version "2.0.0"
  resolved "https://registry.npm.taobao.org/has-ansi/download/has-ansi-2.0.0.tgz#34f5049ce1ecdf2b0649af3ef24e45ed35416d91"
  integrity sha1-NPUEnOHs3ysGSa8+8k5F7TVBbZE=
  dependencies:
    ansi-regex "^2.0.0"

has-flag@^3.0.0:
  version "3.0.0"
  resolved "https://registry.npm.taobao.org/has-flag/download/has-flag-3.0.0.tgz#b5d454dc2199ae225699f3467e5a07f3b955bafd"
  integrity sha1-tdRU3CGZriJWmfNGfloH87lVuv0=

indent-string@^3.0.0:
  version "3.2.0"
  resolved "https://registry.npm.taobao.org/indent-string/download/indent-string-3.2.0.tgz#4a5fd6d27cc332f37e5419a504dbb837105c9289"
  integrity sha1-Sl/W0nzDMvN+VBmlBNu4NxBckok=

inflight@^1.0.4:
  version "1.0.6"
  resolved "https://registry.npm.taobao.org/inflight/download/inflight-1.0.6.tgz#49bd6331d7d02d0c09bc910a1075ba8165b56df9"
  integrity sha1-Sb1jMdfQLQwJvJEKEHW6gWW1bfk=
  dependencies:
    once "^1.3.0"
    wrappy "1"

inherits@2:
  version "2.0.3"
  resolved "https://registry.npm.taobao.org/inherits/download/inherits-2.0.3.tgz#633c2c83e3da42a502f52466022480f4208261de"
  integrity sha1-Yzwsg+PaQqUC9SRmAiSA9CCCYd4=

is-fullwidth-code-point@^1.0.0:
  version "1.0.0"
  resolved "https://registry.npm.taobao.org/is-fullwidth-code-point/download/is-fullwidth-code-point-1.0.0.tgz#ef9e31386f031a7f0d643af82fde50c457ef00cb"
  integrity sha1-754xOG8DGn8NZDr4L95QxFfvAMs=
  dependencies:
    number-is-nan "^1.0.0"

is-fullwidth-code-point@^2.0.0:
  version "2.0.0"
  resolved "https://registry.npm.taobao.org/is-fullwidth-code-point/download/is-fullwidth-code-point-2.0.0.tgz#a3b30a5c4f199183167aaab93beefae3ddfb654f"
  integrity sha1-o7MKXE8ZkYMWeqq5O+764937ZU8=

is-observable@^1.1.0:
  version "1.1.0"
  resolved "https://registry.npm.taobao.org/is-observable/download/is-observable-1.1.0.tgz#b3e986c8f44de950867cab5403f5a3465005975e"
  integrity sha1-s+mGyPRN6VCGfKtUA/WjRlAFl14=
  dependencies:
    symbol-observable "^1.1.0"

is-promise@^2.1.0:
  version "2.1.0"
  resolved "https://registry.npm.taobao.org/is-promise/download/is-promise-2.1.0.tgz#79a2a9ece7f096e80f36d2b2f3bc16c1ff4bf3fa"
  integrity sha1-eaKp7OfwlugPNtKy87wWwf9L8/o=

is-stream@^1.1.0:
  version "1.1.0"
  resolved "https://registry.npm.taobao.org/is-stream/download/is-stream-1.1.0.tgz#12d4a3dd4e68e0b79ceb8dbc84173ae80d91ca44"
  integrity sha1-EtSj3U5o4Lec6428hBc66A2RykQ=

isexe@^2.0.0:
  version "2.0.0"
  resolved "https://registry.npm.taobao.org/isexe/download/isexe-2.0.0.tgz#e8fbf374dc556ff8947a10dcb0572d633f2cfa10"
  integrity sha1-6PvzdNxVb/iUehDcsFctYz8s+hA=

jsonfile@^4.0.0:
  version "4.0.0"
  resolved "https://registry.npm.taobao.org/jsonfile/download/jsonfile-4.0.0.tgz#8771aae0799b64076b76640fca058f9c10e33ecb"
  integrity sha1-h3Gq4HmbZAdrdmQPygWPnBDjPss=
  optionalDependencies:
    graceful-fs "^4.1.6"

kleur@^3.0.2:
  version "3.0.3"
  resolved "https://registry.npm.taobao.org/kleur/download/kleur-3.0.3.tgz#a79c9ecc86ee1ce3fa6206d1216c501f147fc07e"
  integrity sha1-p5yezIbuHOP6YgbRIWxQHxR/wH4=

listr-silent-renderer@^1.1.1:
  version "1.1.1"
  resolved "https://registry.npm.taobao.org/listr-silent-renderer/download/listr-silent-renderer-1.1.1.tgz#924b5a3757153770bf1a8e3fbf74b8bbf3f9242e"
  integrity sha1-kktaN1cVN3C/Go4/v3S4u/P5JC4=

listr-update-renderer@^0.5.0:
  version "0.5.0"
  resolved "https://registry.npm.taobao.org/listr-update-renderer/download/listr-update-renderer-0.5.0.tgz#4ea8368548a7b8aecb7e06d8c95cb45ae2ede6a2"
  integrity sha1-Tqg2hUinuK7LfgbYyVy0WuLt5qI=
  dependencies:
    chalk "^1.1.3"
    cli-truncate "^0.2.1"
    elegant-spinner "^1.0.1"
    figures "^1.7.0"
    indent-string "^3.0.0"
    log-symbols "^1.0.2"
    log-update "^2.3.0"
    strip-ansi "^3.0.1"

listr-verbose-renderer@^0.5.0:
  version "0.5.0"
  resolved "https://registry.npm.taobao.org/listr-verbose-renderer/download/listr-verbose-renderer-0.5.0.tgz#f1132167535ea4c1261102b9f28dac7cba1e03db"
  integrity sha1-8RMhZ1NepMEmEQK58o2sfLoeA9s=
  dependencies:
    chalk "^2.4.1"
    cli-cursor "^2.1.0"
    date-fns "^1.27.2"
    figures "^2.0.0"

listr@^0.14.3:
  version "0.14.3"
  resolved "https://registry.npm.taobao.org/listr/download/listr-0.14.3.tgz#2fea909604e434be464c50bddba0d496928fa586"
  integrity sha1-L+qQlgTkNL5GTFC926DUlpKPpYY=
  dependencies:
    "@samverschueren/stream-to-observable" "^0.3.0"
    is-observable "^1.1.0"
    is-promise "^2.1.0"
    is-stream "^1.1.0"
    listr-silent-renderer "^1.1.1"
    listr-update-renderer "^0.5.0"
    listr-verbose-renderer "^0.5.0"
    p-map "^2.0.0"
    rxjs "^6.3.3"

log-symbols@^1.0.2:
  version "1.0.2"
  resolved "https://registry.npm.taobao.org/log-symbols/download/log-symbols-1.0.2.tgz#376ff7b58ea3086a0f09facc74617eca501e1a18"
  integrity sha1-N2/3tY6jCGoPCfrMdGF+ylAeGhg=
  dependencies:
    chalk "^1.0.0"

log-update@^2.3.0:
  version "2.3.0"
  resolved "https://registry.npm.taobao.org/log-update/download/log-update-2.3.0.tgz#88328fd7d1ce7938b29283746f0b1bc126b24708"
  integrity sha1-iDKP19HOeTiykoN0bwsbwSayRwg=
  dependencies:
    ansi-escapes "^3.0.0"
    cli-cursor "^2.0.0"
    wrap-ansi "^3.0.1"

make-error@^1.1.1:
  version "1.3.5"
  resolved "https://registry.npm.taobao.org/make-error/download/make-error-1.3.5.tgz#efe4e81f6db28cadd605c70f29c831b58ef776c8"
  integrity sha1-7+ToH22yjK3WBccPKcgxtY73dsg=

mimic-fn@^1.0.0:
  version "1.2.0"
  resolved "https://registry.npm.taobao.org/mimic-fn/download/mimic-fn-1.2.0.tgz#820c86a39334640e99516928bd03fca88057d022"
  integrity sha1-ggyGo5M0ZA6ZUWkovQP8qIBX0CI=

minimatch@^3.0.4:
  version "3.0.4"
  resolved "https://registry.npm.taobao.org/minimatch/download/minimatch-3.0.4.tgz#5166e286457f03306064be5497e8dbb0c3d32083"
  integrity sha1-UWbihkV/AzBgZL5Ul+jbsMPTIIM=
  dependencies:
    brace-expansion "^1.1.7"

minimist@~0.0.1:
  version "0.0.10"
  resolved "https://registry.yarnpkg.com/minimist/-/minimist-0.0.10.tgz#de3f98543dbf96082be48ad1a0c7cda836301dcf"
  integrity sha1-3j+YVD2/lggr5IrRoMfNqDYwHc8=

ms@2.0.0:
  version "2.0.0"
  resolved "https://registry.npm.taobao.org/ms/download/ms-2.0.0.tgz#5608aeadfc00be6c2901df5f9861788de0d597c8"
  integrity sha1-VgiurfwAvmwpAd9fmGF4jeDVl8g=

neo-async@^2.6.0:
  version "2.6.1"
  resolved "https://registry.yarnpkg.com/neo-async/-/neo-async-2.6.1.tgz#ac27ada66167fa8849a6addd837f6b189ad2081c"
  integrity sha512-iyam8fBuCUpWeKPGpaNMetEocMt364qkCsfL9JuhjXX6dRnguRVOfk2GZaDpPjcOKiiXCPINZC1GczQ7iTq3Zw==

nice-try@^1.0.4:
  version "1.0.5"
  resolved "https://registry.npm.taobao.org/nice-try/download/nice-try-1.0.5.tgz#a3378a7696ce7d223e88fc9b764bd7ef1089e366"
  integrity sha1-ozeKdpbOfSI+iPybdkvX7xCJ42Y=

number-is-nan@^1.0.0:
  version "1.0.1"
  resolved "https://registry.npm.taobao.org/number-is-nan/download/number-is-nan-1.0.1.tgz#097b602b53422a522c1afb8790318336941a011d"
  integrity sha1-CXtgK1NCKlIsGvuHkDGDNpQaAR0=

object-assign@^4.1.0:
  version "4.1.1"
  resolved "https://registry.npm.taobao.org/object-assign/download/object-assign-4.1.1.tgz#2109adc7965887cfc05cbbd442cac8bfbb360863"
  integrity sha1-IQmtx5ZYh8/AXLvUQsrIv7s2CGM=

once@^1.3.0:
  version "1.4.0"
  resolved "https://registry.npm.taobao.org/once/download/once-1.4.0.tgz#583b1aa775961d4b113ac17d9c50baef9dd76bd1"
  integrity sha1-WDsap3WWHUsROsF9nFC6753Xa9E=
  dependencies:
    wrappy "1"

onetime@^2.0.0:
  version "2.0.1"
  resolved "https://registry.npm.taobao.org/onetime/download/onetime-2.0.1.tgz#067428230fd67443b2794b22bba528b6867962d4"
  integrity sha1-BnQoIw/WdEOyeUsiu6UotoZ5YtQ=
  dependencies:
    mimic-fn "^1.0.0"

optimist@^0.6.1:
  version "0.6.1"
  resolved "https://registry.yarnpkg.com/optimist/-/optimist-0.6.1.tgz#da3ea74686fa21a19a111c326e90eb15a0196686"
  integrity sha1-2j6nRob6IaGaERwybpDrFaAZZoY=
  dependencies:
    minimist "~0.0.1"
    wordwrap "~0.0.2"

p-map@^2.0.0:
  version "2.1.0"
  resolved "https://registry.npm.taobao.org/p-map/download/p-map-2.1.0.tgz#310928feef9c9ecc65b68b17693018a665cea175"
  integrity sha1-MQko/u+cnsxltosXaTAYpmXOoXU=

path-is-absolute@^1.0.0:
  version "1.0.1"
  resolved "https://registry.npm.taobao.org/path-is-absolute/download/path-is-absolute-1.0.1.tgz#174b9268735534ffbc7ace6bf53a5a9e1b5c5f5f"
  integrity sha1-F0uSaHNVNP+8es5r9TpanhtcX18=

path-key@^2.0.1:
  version "2.0.1"
  resolved "https://registry.npm.taobao.org/path-key/download/path-key-2.0.1.tgz#411cadb574c5a140d3a4b1910d40d80cc9f40b40"
  integrity sha1-QRyttXTFoUDTpLGRDUDYDMn0C0A=

prompts@^2.0.4:
  version "2.0.4"
  resolved "https://registry.npm.taobao.org/prompts/download/prompts-2.0.4.tgz#179f9d4db3128b9933aa35f93a800d8fce76a682"
  integrity sha1-F5+dTbMSi5kzqjX5OoANj852poI=
  dependencies:
    kleur "^3.0.2"
    sisteransi "^1.0.0"

restore-cursor@^2.0.0:
  version "2.0.0"
  resolved "https://registry.npm.taobao.org/restore-cursor/download/restore-cursor-2.0.0.tgz#9f7ee287f82fd326d4fd162923d62129eee0dfaf"
  integrity sha1-n37ih/gv0ybU/RYpI9YhKe7g368=
  dependencies:
    onetime "^2.0.0"
    signal-exit "^3.0.2"

rimraf@^2.6.3:
  version "2.6.3"
  resolved "https://registry.npm.taobao.org/rimraf/download/rimraf-2.6.3.tgz#b2d104fe0d8fb27cf9e0a1cda8262dd3833c6cab"
  integrity sha1-stEE/g2Psnz54KHNqCYt04M8bKs=
  dependencies:
    glob "^7.1.3"

rxjs@^6.3.3, rxjs@^6.5.1:
  version "6.5.1"
  resolved "https://registry.npm.taobao.org/rxjs/download/rxjs-6.5.1.tgz?cache=0&other_urls=https%3A%2F%2Fregistry.npm.taobao.org%2Frxjs%2Fdownload%2Frxjs-6.5.1.tgz#f7a005a9386361921b8524f38f54cbf80e5d08f4"
  integrity sha1-96AFqThjYZIbhSTzj1TL+A5dCPQ=
  dependencies:
    tslib "^1.9.0"

semver@^5.5.0:
  version "5.7.0"
  resolved "https://registry.npm.taobao.org/semver/download/semver-5.7.0.tgz#790a7cf6fea5459bac96110b29b60412dc8ff96b"
  integrity sha1-eQp89v6lRZuslhELKbYEEtyP+Ws=

semver@^6.0.0:
  version "6.0.0"
  resolved "https://registry.npm.taobao.org/semver/download/semver-6.0.0.tgz#05e359ee571e5ad7ed641a6eec1e547ba52dea65"
  integrity sha1-BeNZ7lceWtftZBpu7B5Ue6Ut6mU=

shebang-command@^1.2.0:
  version "1.2.0"
  resolved "https://registry.npm.taobao.org/shebang-command/download/shebang-command-1.2.0.tgz#44aac65b695b03398968c39f363fee5deafdf1ea"
  integrity sha1-RKrGW2lbAzmJaMOfNj/uXer98eo=
  dependencies:
    shebang-regex "^1.0.0"

shebang-regex@^1.0.0:
  version "1.0.0"
  resolved "https://registry.npm.taobao.org/shebang-regex/download/shebang-regex-1.0.0.tgz#da42f49740c0b42db2ca9728571cb190c98efea3"
  integrity sha1-2kL0l0DAtC2yypcoVxyxkMmO/qM=

signal-exit@^3.0.2:
  version "3.0.2"
  resolved "https://registry.npm.taobao.org/signal-exit/download/signal-exit-3.0.2.tgz#b5fdc08f1287ea1178628e415e25132b73646c6d"
  integrity sha1-tf3AjxKH6hF4Yo5BXiUTK3NkbG0=

sisteransi@^1.0.0:
  version "1.0.0"
  resolved "https://registry.npm.taobao.org/sisteransi/download/sisteransi-1.0.0.tgz#77d9622ff909080f1c19e5f4a1df0c1b0a27b88c"
  integrity sha1-d9liL/kJCA8cGeX0od8MGwonuIw=

slice-ansi@0.0.4:
  version "0.0.4"
  resolved "https://registry.npm.taobao.org/slice-ansi/download/slice-ansi-0.0.4.tgz#edbf8903f66f7ce2f8eafd6ceed65e264c831b35"
  integrity sha1-7b+JA/ZvfOL46v1s7tZeJkyDGzU=

source-map-support@^0.5.6:
  version "0.5.12"
  resolved "https://registry.npm.taobao.org/source-map-support/download/source-map-support-0.5.12.tgz#b4f3b10d51857a5af0138d3ce8003b201613d599"
  integrity sha1-tPOxDVGFelrwE4086AA7IBYT1Zk=
  dependencies:
    buffer-from "^1.0.0"
    source-map "^0.6.0"

source-map@^0.6.0:
  version "0.6.1"
  resolved "https://registry.npm.taobao.org/source-map/download/source-map-0.6.1.tgz#74722af32e9614e9c287a8d0bbde48b5e2f1a263"
  integrity sha1-dHIq8y6WFOnCh6jQu95IteLxomM=

source-map@^0.6.1, source-map@~0.6.1:
  version "0.6.1"
  resolved "https://registry.yarnpkg.com/source-map/-/source-map-0.6.1.tgz#74722af32e9614e9c287a8d0bbde48b5e2f1a263"
  integrity sha512-UjgapumWlbMhkBgzT7Ykc5YXUT46F0iKu8SGXq0bcwP5dz/h0Plj6enJqjz1Zbq2l5WaqYnrVbwWOWMyF3F47g==

string-width@^1.0.1:
  version "1.0.2"
  resolved "https://registry.npm.taobao.org/string-width/download/string-width-1.0.2.tgz#118bdf5b8cdc51a2a7e70d211e07e2b0b9b107d3"
  integrity sha1-EYvfW4zcUaKn5w0hHgfisLmxB9M=
  dependencies:
    code-point-at "^1.0.0"
    is-fullwidth-code-point "^1.0.0"
    strip-ansi "^3.0.0"

string-width@^2.1.1:
  version "2.1.1"
  resolved "https://registry.npm.taobao.org/string-width/download/string-width-2.1.1.tgz#ab93f27a8dc13d28cac815c462143a6d9012ae9e"
  integrity sha1-q5Pyeo3BPSjKyBXEYhQ6bZASrp4=
  dependencies:
    is-fullwidth-code-point "^2.0.0"
    strip-ansi "^4.0.0"

strip-ansi@^3.0.0, strip-ansi@^3.0.1:
  version "3.0.1"
  resolved "https://registry.npm.taobao.org/strip-ansi/download/strip-ansi-3.0.1.tgz#6a385fb8853d952d5ff05d0e8aaf94278dc63dcf"
  integrity sha1-ajhfuIU9lS1f8F0Oiq+UJ43GPc8=
  dependencies:
    ansi-regex "^2.0.0"

strip-ansi@^4.0.0:
  version "4.0.0"
  resolved "https://registry.npm.taobao.org/strip-ansi/download/strip-ansi-4.0.0.tgz#a8479022eb1ac368a871389b635262c505ee368f"
  integrity sha1-qEeQIusaw2iocTibY1JixQXuNo8=
  dependencies:
    ansi-regex "^3.0.0"

supports-color@^2.0.0:
  version "2.0.0"
  resolved "https://registry.npm.taobao.org/supports-color/download/supports-color-2.0.0.tgz#535d045ce6b6363fa40117084629995e9df324c7"
  integrity sha1-U10EXOa2Nj+kARcIRimZXp3zJMc=

supports-color@^5.3.0:
  version "5.5.0"
  resolved "https://registry.npm.taobao.org/supports-color/download/supports-color-5.5.0.tgz#e2e69a44ac8772f78a1ec0b35b689df6530efc8f"
  integrity sha1-4uaaRKyHcveKHsCzW2id9lMO/I8=
  dependencies:
    has-flag "^3.0.0"

symbol-observable@^1.1.0:
  version "1.2.0"
  resolved "https://registry.npm.taobao.org/symbol-observable/download/symbol-observable-1.2.0.tgz#c22688aed4eab3cdc2dfeacbb561660560a00804"
  integrity sha1-wiaIrtTqs83C3+rLtWFmBWCgCAQ=

ts-node@^8.1.0:
  version "8.1.0"
  resolved "https://registry.npm.taobao.org/ts-node/download/ts-node-8.1.0.tgz#8c4b37036abd448577db22a061fd7a67d47e658e"
  integrity sha1-jEs3A2q9RIV32yKgYf16Z9R+ZY4=
  dependencies:
    arg "^4.1.0"
    diff "^3.1.0"
    make-error "^1.1.1"
    source-map-support "^0.5.6"
    yn "^3.0.0"

tslib@^1.9.0:
  version "1.9.3"
  resolved "https://registry.npm.taobao.org/tslib/download/tslib-1.9.3.tgz#d7e4dd79245d85428c4d7e4822a79917954ca286"
  integrity sha1-1+TdeSRdhUKMTX5IIqeZF5VMooY=

typescript@^3.4.5:
  version "3.4.5"
  resolved "https://registry.npm.taobao.org/typescript/download/typescript-3.4.5.tgz#2d2618d10bb566572b8d7aad5180d84257d70a99"
  integrity sha1-LSYY0Qu1ZlcrjXqtUYDYQlfXCpk=

uglify-js@^3.1.4:
  version "3.7.3"
  resolved "https://registry.yarnpkg.com/uglify-js/-/uglify-js-3.7.3.tgz#f918fce9182f466d5140f24bb0ff35c2d32dcc6a"
  integrity sha512-7tINm46/3puUA4hCkKYo4Xdts+JDaVC9ZPRcG8Xw9R4nhO/gZgUM3TENq8IF4Vatk8qCig4MzP/c8G4u2BkVQg==
  dependencies:
    commander "~2.20.3"
    source-map "~0.6.1"

universalify@^0.1.0:
  version "0.1.2"
  resolved "https://registry.npm.taobao.org/universalify/download/universalify-0.1.2.tgz#b646f69be3942dabcecc9d6639c80dc105efaa66"
  integrity sha1-tkb2m+OULavOzJ1mOcgNwQXvqmY=

which@^1.2.9:
  version "1.3.1"
  resolved "https://registry.npm.taobao.org/which/download/which-1.3.1.tgz#a45043d54f5805316da8d62f9f50918d3da70b0a"
  integrity sha1-pFBD1U9YBTFtqNYvn1CRjT2nCwo=
  dependencies:
    isexe "^2.0.0"

wordwrap@~0.0.2:
  version "0.0.3"
  resolved "https://registry.yarnpkg.com/wordwrap/-/wordwrap-0.0.3.tgz#a3d5da6cd5c0bc0008d37234bbaf1bed63059107"
  integrity sha1-o9XabNXAvAAI03I0u68b7WMFkQc=

wrap-ansi@^3.0.1:
  version "3.0.1"
  resolved "https://registry.npm.taobao.org/wrap-ansi/download/wrap-ansi-3.0.1.tgz#288a04d87eda5c286e060dfe8f135ce8d007f8ba"
  integrity sha1-KIoE2H7aXChuBg3+jxNc6NAH+Lo=
  dependencies:
    string-width "^2.1.1"
    strip-ansi "^4.0.0"

wrappy@1:
  version "1.0.2"
  resolved "https://registry.npm.taobao.org/wrappy/download/wrappy-1.0.2.tgz#b5243d8f3ec1aa35f1364605bc0d1036e30ab69f"
  integrity sha1-tSQ9jz7BqjXxNkYFvA0QNuMKtp8=

yn@^3.0.0:
  version "3.1.0"
  resolved "https://registry.npm.taobao.org/yn/download/yn-3.1.0.tgz#fcbe2db63610361afcc5eb9e0ac91e976d046114"
  integrity sha1-/L4ttjYQNhr8xeueCskel20EYRQ=
